
Microsoft Visual Studio Solution File, Format Version 12.00
# Visual Studio 15
VisualStudioVersion = 15.0.28307.438
MinimumVisualStudioVersion = 10.0.40219.1
Project("{FAE04EC0-301F-11D3-BF4B-00C04F79EFBC}") = "COMP229_MamadouDiallo_Assignment02", "COMP229_MamadouDiallo_Assignment02\COMP229_MamadouDiallo_Assignment02.csproj", "{094D4500-7AAA-4DB7-BB5A-BA12384AC175}"
EndProject
Global
	GlobalSection(SolutionConfigurationPlatforms) = preSolution
		Debug|Any CPU = Debug|Any CPU
		Release|Any CPU = Release|Any CPU
	EndGlobalSection
	GlobalSection(ProjectConfigurationPlatforms) = postSolution
		{094D4500-7AAA-4DB7-BB5A-BA12384AC175}.Debug|Any CPU.ActiveCfg = Debug|Any CPU
		{094D4500-7AAA-4DB7-BB5A-BA12384AC175}.Debug|Any CPU.Build.0 = Debug|Any CPU
		{094D4500-7AAA-4DB7-BB5A-BA12384AC175}.Release|Any CPU.ActiveCfg = Release|Any CPU
		{094D4500-7AAA-4DB7-BB5A-BA12384AC175}.Release|Any CPU.Build.0 = Release|Any CPU
	EndGlobalSection
	GlobalSection(SolutionProperties) = preSolution
		HideSolutionNode = FALSE
	EndGlobalSection
	GlobalSection(ExtensibilityGlobals) = postSolution
		SolutionGuid = {0152A56E-D08D-4DBB-B2A2-4D5A6F8E5BBF}
	EndGlobalSection
EndGlobal
